
Microsoft Visual Studio Solution File, Format Version 12.00
# Visual Studio 14
VisualStudioVersion = 14.0.25420.1
MinimumVisualStudioVersion = 10.0.40219.1
Project("{FAE04EC0-301F-11D3-BF4B-00C04F79EFBC}") = "SliderPuzzle", "SliderPuzzle\SliderPuzzle\SliderPuzzle.csproj", "{61FE8DD3-6F56-4B46-BF10-CEA1EDE20239}"
EndProject
Project("{FAE04EC0-301F-11D3-BF4B-00C04F79EFBC}") = "SliderPuzzle.Droid", "SliderPuzzle\SliderPuzzle.Droid\SliderPuzzle.Droid.csproj", "{3C1C93A2-3EDE-4734-B7D5-6F80D9B3CF24}"
EndProject
Project("{FAE04EC0-301F-11D3-BF4B-00C04F79EFBC}") = "SliderPuzzle.iOS", "SliderPuzzle\SliderPuzzle.iOS\SliderPuzzle.iOS.csproj", "{0E98627F-A2CA-47CE-8CAB-2A7FE5044F1A}"
EndProject
Project("{FAE04EC0-301F-11D3-BF4B-00C04F79EFBC}") = "SliderPuzzle.WinPhone", "SliderPuzzle\SliderPuzzle.WinPhone\SliderPuzzle.WinPhone.csproj", "{5B0BA075-E90F-44F2-B62B-8B28DEC56580}"
EndProject
Project("{FAE04EC0-301F-11D3-BF4B-00C04F79EFBC}") = "SliderPuzzle.Windows", "SliderPuzzle\SliderPuzzle.Windows\SliderPuzzle.Windows.csproj", "{46E1E5D9-432E-42E4-A65C-4BF4DF2EB219}"
EndProject
Global
	GlobalSection(SolutionConfigurationPlatforms) = preSolution
		Ad-Hoc|Any CPU = Ad-Hoc|Any CPU
		Ad-Hoc|ARM = Ad-Hoc|ARM
		Ad-Hoc|iPhone = Ad-Hoc|iPhone
		Ad-Hoc|iPhoneSimulator = Ad-Hoc|iPhoneSimulator
		Ad-Hoc|x64 = Ad-Hoc|x64
		Ad-Hoc|x86 = Ad-Hoc|x86
		AppStore|Any CPU = AppStore|Any CPU
		AppStore|ARM = AppStore|ARM
		AppStore|iPhone = AppStore|iPhone
		AppStore|iPhoneSimulator = AppStore|iPhoneSimulator
		AppStore|x64 = AppStore|x64
		AppStore|x86 = AppStore|x86
		Debug|Any CPU = Debug|Any CPU
		Debug|ARM = Debug|ARM
		Debug|iPhone = Debug|iPhone
		Debug|iPhoneSimulator = Debug|iPhoneSimulator
		Debug|x64 = Debug|x64
		Debug|x86 = Debug|x86
		Release|Any CPU = Release|Any CPU
		Release|ARM = Release|ARM
		Release|iPhone = Release|iPhone
		Release|iPhoneSimulator = Release|iPhoneSimulator
		Release|x64 = Release|x64
		Release|x86 = Release|x86
	EndGlobalSection
	GlobalSection(ProjectConfigurationPlatforms) = postSolution
		{61FE8DD3-6F56-4B46-BF10-CEA1EDE20239}.Ad-Hoc|Any CPU.ActiveCfg = Release|Any CPU
		{61FE8DD3-6F56-4B46-BF10-CEA1EDE20239}.Ad-Hoc|Any CPU.Build.0 = Release|Any CPU
		{61FE8DD3-6F56-4B46-BF10-CEA1EDE20239}.Ad-Hoc|ARM.ActiveCfg = Release|Any CPU
		{61FE8DD3-6F56-4B46-BF10-CEA1EDE20239}.Ad-Hoc|ARM.Build.0 = Release|Any CPU
		{61FE8DD3-6F56-4B46-BF10-CEA1EDE20239}.Ad-Hoc|iPhone.ActiveCfg = Release|Any CPU
		{61FE8DD3-6F56-4B46-BF10-CEA1EDE20239}.Ad-Hoc|iPhone.Build.0 = Release|Any CPU
		{61FE8DD3-6F56-4B46-BF10-CEA1EDE20239}.Ad-Hoc|iPhoneSimulator.ActiveCfg = Release|Any CPU
		{61FE8DD3-6F56-4B46-BF10-CEA1EDE20239}.Ad-Hoc|iPhoneSimulator.Build.0 = Release|Any CPU
		{61FE8DD3-6F56-4B46-BF10-CEA1EDE20239}.Ad-Hoc|x64.ActiveCfg = Release|Any CPU
		{61FE8DD3-6F56-4B46-BF10-CEA1EDE20239}.Ad-Hoc|x64.Build.0 = Release|Any CPU
		{61FE8DD3-6F56-4B46-BF10-CEA1EDE20239}.Ad-Hoc|x86.ActiveCfg = Release|Any CPU
		{61FE8DD3-6F56-4B46-BF10-CEA1EDE20239}.Ad-Hoc|x86.Build.0 = Release|Any CPU
		{61FE8DD3-6F56-4B46-BF10-CEA1EDE20239}.AppStore|Any CPU.ActiveCfg = Release|Any CPU
		{61FE8DD3-6F56-4B46-BF10-CEA1EDE20239}.AppStore|Any CPU.Build.0 = Release|Any CPU
		{61FE8DD3-6F56-4B46-BF10-CEA1EDE20239}.AppStore|ARM.ActiveCfg = Release|Any CPU
		{61FE8DD3-6F56-4B46-BF10-CEA1EDE20239}.AppStore|ARM.Build.0 = Release|Any CPU
		{61FE8DD3-6F56-4B46-BF10-CEA1EDE20239}.AppStore|iPhone.ActiveCfg = Release|Any CPU
		{61FE8DD3-6F56-4B46-BF10-CEA1EDE20239}.AppStore|iPhone.Build.0 = Release|Any CPU
		{61FE8DD3-6F56-4B46-BF10-CEA1EDE20239}.AppStore|iPhoneSimulator.ActiveCfg = Release|Any CPU
		{61FE8DD3-6F56-4B46-BF10-CEA1EDE20239}.AppStore|iPhoneSimulator.Build.0 = Release|Any CPU
		{61FE8DD3-6F56-4B46-BF10-CEA1EDE20239}.AppStore|x64.ActiveCfg = Release|Any CPU
		{61FE8DD3-6F56-4B46-BF10-CEA1EDE20239}.AppStore|x64.Build.0 = Release|Any CPU
		{61FE8DD3-6F56-4B46-BF10-CEA1EDE20239}.AppStore|x86.ActiveCfg = Release|Any CPU
		{61FE8DD3-6F56-4B46-BF10-CEA1EDE20239}.AppStore|x86.Build.0 = Release|Any CPU
		{61FE8DD3-6F56-4B46-BF10-CEA1EDE20239}.Debug|Any CPU.ActiveCfg = Debug|Any CPU
		{61FE8DD3-6F56-4B46-BF10-CEA1EDE20239}.Debug|Any CPU.Build.0 = Debug|Any CPU
		{61FE8DD3-6F56-4B46-BF10-CEA1EDE20239}.Debug|ARM.ActiveCfg = Debug|Any CPU
		{61FE8DD3-6F56-4B46-BF10-CEA1EDE20239}.Debug|ARM.Build.0 = Debug|Any CPU
		{61FE8DD3-6F56-4B46-BF10-CEA1EDE20239}.Debug|iPhone.ActiveCfg = Debug|Any CPU
		{61FE8DD3-6F56-4B46-BF10-CEA1EDE20239}.Debug|iPhone.Build.0 = Debug|Any CPU
		{61FE8DD3-6F56-4B46-BF10-CEA1EDE20239}.Debug|iPhoneSimulator.ActiveCfg = Debug|Any CPU
		{61FE8DD3-6F56-4B46-BF10-CEA1EDE20239}.Debug|iPhoneSimulator.Build.0 = Debug|Any CPU
		{61FE8DD3-6F56-4B46-BF10-CEA1EDE20239}.Debug|x64.ActiveCfg = Debug|Any CPU
		{61FE8DD3-6F56-4B46-BF10-CEA1EDE20239}.Debug|x64.Build.0 = Debug|Any CPU
		{61FE8DD3-6F56-4B46-BF10-CEA1EDE20239}.Debug|x86.ActiveCfg = Debug|Any CPU
		{61FE8DD3-6F56-4B46-BF10-CEA1EDE20239}.Debug|x86.Build.0 = Debug|Any CPU
		{61FE8DD3-6F56-4B46-BF10-CEA1EDE20239}.Release|Any CPU.ActiveCfg = Release|Any CPU
		{61FE8DD3-6F56-4B46-BF10-CEA1EDE20239}.Release|Any CPU.Build.0 = Release|Any CPU
		{61FE8DD3-6F56-4B46-BF10-CEA1EDE20239}.Release|ARM.ActiveCfg = Release|Any CPU
		{61FE8DD3-6F56-4B46-BF10-CEA1EDE20239}.Release|ARM.Build.0 = Release|Any CPU
		{61FE8DD3-6F56-4B46-BF10-CEA1EDE20239}.Release|iPhone.ActiveCfg = Release|Any CPU
		{61FE8DD3-6F56-4B46-BF10-CEA1EDE20239}.Release|iPhone.Build.0 = Release|Any CPU
		{61FE8DD3-6F56-4B46-BF10-CEA1EDE20239}.Release|iPhoneSimulator.ActiveCfg = Release|Any CPU
		{61FE8DD3-6F56-4B46-BF10-CEA1EDE20239}.Release|iPhoneSimulator.Build.0 = Release|Any CPU
		{61FE8DD3-6F56-4B46-BF10-CEA1EDE20239}.Release|x64.ActiveCfg = Release|Any CPU
		{61FE8DD3-6F56-4B46-BF10-CEA1EDE20239}.Release|x64.Build.0 = Release|Any CPU
		{61FE8DD3-6F56-4B46-BF10-CEA1EDE20239}.Release|x86.ActiveCfg = Release|Any CPU
		{61FE8DD3-6F56-4B46-BF10-CEA1EDE20239}.Release|x86.Build.0 = Release|Any CPU
		{3C1C93A2-3EDE-4734-B7D5-6F80D9B3CF24}.Ad-Hoc|Any CPU.ActiveCfg = Release|Any CPU
		{3C1C93A2-3EDE-4734-B7D5-6F80D9B3CF24}.Ad-Hoc|Any CPU.Build.0 = Release|Any CPU
		{3C1C93A2-3EDE-4734-B7D5-6F80D9B3CF24}.Ad-Hoc|Any CPU.Deploy.0 = Release|Any CPU
		{3C1C93A2-3EDE-4734-B7D5-6F80D9B3CF24}.Ad-Hoc|ARM.ActiveCfg = Release|Any CPU
		{3C1C93A2-3EDE-4734-B7D5-6F80D9B3CF24}.Ad-Hoc|ARM.Build.0 = Release|Any CPU
		{3C1C93A2-3EDE-4734-B7D5-6F80D9B3CF24}.Ad-Hoc|ARM.Deploy.0 = Release|Any CPU
		{3C1C93A2-3EDE-4734-B7D5-6F80D9B3CF24}.Ad-Hoc|iPhone.ActiveCfg = Release|Any CPU
		{3C1C93A2-3EDE-4734-B7D5-6F80D9B3CF24}.Ad-Hoc|iPhone.Build.0 = Release|Any CPU
		{3C1C93A2-3EDE-4734-B7D5-6F80D9B3CF24}.Ad-Hoc|iPhone.Deploy.0 = Release|Any CPU
		{3C1C93A2-3EDE-4734-B7D5-6F80D9B3CF24}.Ad-Hoc|iPhoneSimulator.ActiveCfg = Release|Any CPU
		{3C1C93A2-3EDE-4734-B7D5-6F80D9B3CF24}.Ad-Hoc|iPhoneSimulator.Build.0 = Release|Any CPU
		{3C1C93A2-3EDE-4734-B7D5-6F80D9B3CF24}.Ad-Hoc|iPhoneSimulator.Deploy.0 = Release|Any CPU
		{3C1C93A2-3EDE-4734-B7D5-6F80D9B3CF24}.Ad-Hoc|x64.ActiveCfg = Release|Any CPU
		{3C1C93A2-3EDE-4734-B7D5-6F80D9B3CF24}.Ad-Hoc|x64.Build.0 = Release|Any CPU
		{3C1C93A2-3EDE-4734-B7D5-6F80D9B3CF24}.Ad-Hoc|x64.Deploy.0 = Release|Any CPU
		{3C1C93A2-3EDE-4734-B7D5-6F80D9B3CF24}.Ad-Hoc|x86.ActiveCfg = Release|Any CPU
		{3C1C93A2-3EDE-4734-B7D5-6F80D9B3CF24}.Ad-Hoc|x86.Build.0 = Release|Any CPU
		{3C1C93A2-3EDE-4734-B7D5-6F80D9B3CF24}.Ad-Hoc|x86.Deploy.0 = Release|Any CPU
		{3C1C93A2-3EDE-4734-B7D5-6F80D9B3CF24}.AppStore|Any CPU.ActiveCfg = Release|Any CPU
		{3C1C93A2-3EDE-4734-B7D5-6F80D9B3CF24}.AppStore|Any CPU.Build.0 = Release|Any CPU
		{3C1C93A2-3EDE-4734-B7D5-6F80D9B3CF24}.AppStore|Any CPU.Deploy.0 = Release|Any CPU
		{3C1C93A2-3EDE-4734-B7D5-6F80D9B3CF24}.AppStore|ARM.ActiveCfg = Release|Any CPU
		{3C1C93A2-3EDE-4734-B7D5-6F80D9B3CF24}.AppStore|ARM.Build.0 = Release|Any CPU
		{3C1C93A2-3EDE-4734-B7D5-6F80D9B3CF24}.AppStore|ARM.Deploy.0 = Release|Any CPU
		{3C1C93A2-3EDE-4734-B7D5-6F80D9B3CF24}.AppStore|iPhone.ActiveCfg = Release|Any CPU
		{3C1C93A2-3EDE-4734-B7D5-6F80D9B3CF24}.AppStore|iPhone.Build.0 = Release|Any CPU
		{3C1C93A2-3EDE-4734-B7D5-6F80D9B3CF24}.AppStore|iPhone.Deploy.0 = Release|Any CPU
		{3C1C93A2-3EDE-4734-B7D5-6F80D9B3CF24}.AppStore|iPhoneSimulator.ActiveCfg = Release|Any CPU
		{3C1C93A2-3EDE-4734-B7D5-6F80D9B3CF24}.AppStore|iPhoneSimulator.Build.0 = Release|Any CPU
		{3C1C93A2-3EDE-4734-B7D5-6F80D9B3CF24}.AppStore|iPhoneSimulator.Deploy.0 = Release|Any CPU
		{3C1C93A2-3EDE-4734-B7D5-6F80D9B3CF24}.AppStore|x64.ActiveCfg = Release|Any CPU
		{3C1C93A2-3EDE-4734-B7D5-6F80D9B3CF24}.AppStore|x64.Build.0 = Release|Any CPU
		{3C1C93A2-3EDE-4734-B7D5-6F80D9B3CF24}.AppStore|x64.Deploy.0 = Release|Any CPU
		{3C1C93A2-3EDE-4734-B7D5-6F80D9B3CF24}.AppStore|x86.ActiveCfg = Release|Any CPU
		{3C1C93A2-3EDE-4734-B7D5-6F80D9B3CF24}.AppStore|x86.Build.0 = Release|Any CPU
		{3C1C93A2-3EDE-4734-B7D5-6F80D9B3CF24}.AppStore|x86.Deploy.0 = Release|Any CPU
		{3C1C93A2-3EDE-4734-B7D5-6F80D9B3CF24}.Debug|Any CPU.ActiveCfg = Debug|Any CPU
		{3C1C93A2-3EDE-4734-B7D5-6F80D9B3CF24}.Debug|Any CPU.Build.0 = Debug|Any CPU
		{3C1C93A2-3EDE-4734-B7D5-6F80D9B3CF24}.Debug|Any CPU.Deploy.0 = Debug|Any CPU
		{3C1C93A2-3EDE-4734-B7D5-6F80D9B3CF24}.Debug|ARM.ActiveCfg = Debug|Any CPU
		{3C1C93A2-3EDE-4734-B7D5-6F80D9B3CF24}.Debug|ARM.Build.0 = Debug|Any CPU
		{3C1C93A2-3EDE-4734-B7D5-6F80D9B3CF24}.Debug|ARM.Deploy.0 = Debug|Any CPU
		{3C1C93A2-3EDE-4734-B7D5-6F80D9B3CF24}.Debug|iPhone.ActiveCfg = Debug|Any CPU
		{3C1C93A2-3EDE-4734-B7D5-6F80D9B3CF24}.Debug|iPhone.Build.0 = Debug|Any CPU
		{3C1C93A2-3EDE-4734-B7D5-6F80D9B3CF24}.Debug|iPhone.Deploy.0 = Debug|Any CPU
		{3C1C93A2-3EDE-4734-B7D5-6F80D9B3CF24}.Debug|iPhoneSimulator.ActiveCfg = Debug|Any CPU
		{3C1C93A2-3EDE-4734-B7D5-6F80D9B3CF24}.Debug|iPhoneSimulator.Build.0 = Debug|Any CPU
		{3C1C93A2-3EDE-4734-B7D5-6F80D9B3CF24}.Debug|iPhoneSimulator.Deploy.0 = Debug|Any CPU
		{3C1C93A2-3EDE-4734-B7D5-6F80D9B3CF24}.Debug|x64.ActiveCfg = Debug|Any CPU
		{3C1C93A2-3EDE-4734-B7D5-6F80D9B3CF24}.Debug|x64.Build.0 = Debug|Any CPU
		{3C1C93A2-3EDE-4734-B7D5-6F80D9B3CF24}.Debug|x64.Deploy.0 = Debug|Any CPU
		{3C1C93A2-3EDE-4734-B7D5-6F80D9B3CF24}.Debug|x86.ActiveCfg = Debug|Any CPU
		{3C1C93A2-3EDE-4734-B7D5-6F80D9B3CF24}.Debug|x86.Build.0 = Debug|Any CPU
		{3C1C93A2-3EDE-4734-B7D5-6F80D9B3CF24}.Debug|x86.Deploy.0 = Debug|Any CPU
		{3C1C93A2-3EDE-4734-B7D5-6F80D9B3CF24}.Release|Any CPU.ActiveCfg = Release|Any CPU
		{3C1C93A2-3EDE-4734-B7D5-6F80D9B3CF24}.Release|Any CPU.Build.0 = Release|Any CPU
		{3C1C93A2-3EDE-4734-B7D5-6F80D9B3CF24}.Release|Any CPU.Deploy.0 = Release|Any CPU
		{3C1C93A2-3EDE-4734-B7D5-6F80D9B3CF24}.Release|ARM.ActiveCfg = Release|Any CPU
		{3C1C93A2-3EDE-4734-B7D5-6F80D9B3CF24}.Release|ARM.Build.0 = Release|Any CPU
		{3C1C93A2-3EDE-4734-B7D5-6F80D9B3CF24}.Release|ARM.Deploy.0 = Release|Any CPU
		{3C1C93A2-3EDE-4734-B7D5-6F80D9B3CF24}.Release|iPhone.ActiveCfg = Release|Any CPU
		{3C1C93A2-3EDE-4734-B7D5-6F80D9B3CF24}.Release|iPhone.Build.0 = Release|Any CPU
		{3C1C93A2-3EDE-4734-B7D5-6F80D9B3CF24}.Release|iPhone.Deploy.0 = Release|Any CPU
		{3C1C93A2-3EDE-4734-B7D5-6F80D9B3CF24}.Release|iPhoneSimulator.ActiveCfg = Release|Any CPU
		{3C1C93A2-3EDE-4734-B7D5-6F80D9B3CF24}.Release|iPhoneSimulator.Build.0 = Release|Any CPU
		{3C1C93A2-3EDE-4734-B7D5-6F80D9B3CF24}.Release|iPhoneSimulator.Deploy.0 = Release|Any CPU
		{3C1C93A2-3EDE-4734-B7D5-6F80D9B3CF24}.Release|x64.ActiveCfg = Release|Any CPU
		{3C1C93A2-3EDE-4734-B7D5-6F80D9B3CF24}.Release|x64.Build.0 = Release|Any CPU
		{3C1C93A2-3EDE-4734-B7D5-6F80D9B3CF24}.Release|x64.Deploy.0 = Release|Any CPU
		{3C1C93A2-3EDE-4734-B7D5-6F80D9B3CF24}.Release|x86.ActiveCfg = Release|Any CPU
		{3C1C93A2-3EDE-4734-B7D5-6F80D9B3CF24}.Release|x86.Build.0 = Release|Any CPU
		{3C1C93A2-3EDE-4734-B7D5-6F80D9B3CF24}.Release|x86.Deploy.0 = Release|Any CPU
		{0E98627F-A2CA-47CE-8CAB-2A7FE5044F1A}.Ad-Hoc|Any CPU.ActiveCfg = Ad-Hoc|iPhone
		{0E98627F-A2CA-47CE-8CAB-2A7FE5044F1A}.Ad-Hoc|ARM.ActiveCfg = Ad-Hoc|iPhone
		{0E98627F-A2CA-47CE-8CAB-2A7FE5044F1A}.Ad-Hoc|iPhone.ActiveCfg = Ad-Hoc|iPhone
		{0E98627F-A2CA-47CE-8CAB-2A7FE5044F1A}.Ad-Hoc|iPhone.Build.0 = Ad-Hoc|iPhone
		{0E98627F-A2CA-47CE-8CAB-2A7FE5044F1A}.Ad-Hoc|iPhoneSimulator.ActiveCfg = Ad-Hoc|iPhoneSimulator
		{0E98627F-A2CA-47CE-8CAB-2A7FE5044F1A}.Ad-Hoc|iPhoneSimulator.Build.0 = Ad-Hoc|iPhoneSimulator
		{0E98627F-A2CA-47CE-8CAB-2A7FE5044F1A}.Ad-Hoc|x64.ActiveCfg = Ad-Hoc|iPhone
		{0E98627F-A2CA-47CE-8CAB-2A7FE5044F1A}.Ad-Hoc|x86.ActiveCfg = Ad-Hoc|iPhone
		{0E98627F-A2CA-47CE-8CAB-2A7FE5044F1A}.AppStore|Any CPU.ActiveCfg = AppStore|iPhone
		{0E98627F-A2CA-47CE-8CAB-2A7FE5044F1A}.AppStore|ARM.ActiveCfg = AppStore|iPhone
		{0E98627F-A2CA-47CE-8CAB-2A7FE5044F1A}.AppStore|iPhone.ActiveCfg = AppStore|iPhone
		{0E98627F-A2CA-47CE-8CAB-2A7FE5044F1A}.AppStore|iPhone.Build.0 = AppStore|iPhone
		{0E98627F-A2CA-47CE-8CAB-2A7FE5044F1A}.AppStore|iPhoneSimulator.ActiveCfg = AppStore|iPhoneSimulator
		{0E98627F-A2CA-47CE-8CAB-2A7FE5044F1A}.AppStore|iPhoneSimulator.Build.0 = AppStore|iPhoneSimulator
		{0E98627F-A2CA-47CE-8CAB-2A7FE5044F1A}.AppStore|x64.ActiveCfg = AppStore|iPhone
		{0E98627F-A2CA-47CE-8CAB-2A7FE5044F1A}.AppStore|x86.ActiveCfg = AppStore|iPhone
		{0E98627F-A2CA-47CE-8CAB-2A7FE5044F1A}.Debug|Any CPU.ActiveCfg = Debug|iPhone
		{0E98627F-A2CA-47CE-8CAB-2A7FE5044F1A}.Debug|ARM.ActiveCfg = Debug|iPhone
		{0E98627F-A2CA-47CE-8CAB-2A7FE5044F1A}.Debug|iPhone.ActiveCfg = Debug|iPhone
		{0E98627F-A2CA-47CE-8CAB-2A7FE5044F1A}.Debug|iPhone.Build.0 = Debug|iPhone
		{0E98627F-A2CA-47CE-8CAB-2A7FE5044F1A}.Debug|iPhoneSimulator.ActiveCfg = Debug|iPhoneSimulator
		{0E98627F-A2CA-47CE-8CAB-2A7FE5044F1A}.Debug|iPhoneSimulator.Build.0 = Debug|iPhoneSimulator
		{0E98627F-A2CA-47CE-8CAB-2A7FE5044F1A}.Debug|x64.ActiveCfg = Debug|iPhone
		{0E98627F-A2CA-47CE-8CAB-2A7FE5044F1A}.Debug|x86.ActiveCfg = Debug|iPhone
		{0E98627F-A2CA-47CE-8CAB-2A7FE5044F1A}.Release|Any CPU.ActiveCfg = Release|iPhone
		{0E98627F-A2CA-47CE-8CAB-2A7FE5044F1A}.Release|ARM.ActiveCfg = Release|iPhone
		{0E98627F-A2CA-47CE-8CAB-2A7FE5044F1A}.Release|iPhone.ActiveCfg = Release|iPhone
		{0E98627F-A2CA-47CE-8CAB-2A7FE5044F1A}.Release|iPhone.Build.0 = Release|iPhone
		{0E98627F-A2CA-47CE-8CAB-2A7FE5044F1A}.Release|iPhoneSimulator.ActiveCfg = Release|iPhoneSimulator
		{0E98627F-A2CA-47CE-8CAB-2A7FE5044F1A}.Release|iPhoneSimulator.Build.0 = Release|iPhoneSimulator
		{0E98627F-A2CA-47CE-8CAB-2A7FE5044F1A}.Release|x64.ActiveCfg = Release|iPhone
		{0E98627F-A2CA-47CE-8CAB-2A7FE5044F1A}.Release|x86.ActiveCfg = Release|iPhone
		{5B0BA075-E90F-44F2-B62B-8B28DEC56580}.Ad-Hoc|Any CPU.ActiveCfg = Release|Any CPU
		{5B0BA075-E90F-44F2-B62B-8B28DEC56580}.Ad-Hoc|Any CPU.Build.0 = Release|Any CPU
		{5B0BA075-E90F-44F2-B62B-8B28DEC56580}.Ad-Hoc|Any CPU.Deploy.0 = Release|Any CPU
		{5B0BA075-E90F-44F2-B62B-8B28DEC56580}.Ad-Hoc|ARM.ActiveCfg = Release|ARM
		{5B0BA075-E90F-44F2-B62B-8B28DEC56580}.Ad-Hoc|ARM.Build.0 = Release|ARM
		{5B0BA075-E90F-44F2-B62B-8B28DEC56580}.Ad-Hoc|ARM.Deploy.0 = Release|ARM
		{5B0BA075-E90F-44F2-B62B-8B28DEC56580}.Ad-Hoc|iPhone.ActiveCfg = Release|Any CPU
		{5B0BA075-E90F-44F2-B62B-8B28DEC56580}.Ad-Hoc|iPhone.Build.0 = Release|Any CPU
		{5B0BA075-E90F-44F2-B62B-8B28DEC56580}.Ad-Hoc|iPhone.Deploy.0 = Release|Any CPU
		{5B0BA075-E90F-44F2-B62B-8B28DEC56580}.Ad-Hoc|iPhoneSimulator.ActiveCfg = Release|Any CPU
		{5B0BA075-E90F-44F2-B62B-8B28DEC56580}.Ad-Hoc|iPhoneSimulator.Build.0 = Release|Any CPU
		{5B0BA075-E90F-44F2-B62B-8B28DEC56580}.Ad-Hoc|iPhoneSimulator.Deploy.0 = Release|Any CPU
		{5B0BA075-E90F-44F2-B62B-8B28DEC56580}.Ad-Hoc|x64.ActiveCfg = Release|Any CPU
		{5B0BA075-E90F-44F2-B62B-8B28DEC56580}.Ad-Hoc|x64.Build.0 = Release|Any CPU
		{5B0BA075-E90F-44F2-B62B-8B28DEC56580}.Ad-Hoc|x64.Deploy.0 = Release|Any CPU
		{5B0BA075-E90F-44F2-B62B-8B28DEC56580}.Ad-Hoc|x86.ActiveCfg = Release|x86
		{5B0BA075-E90F-44F2-B62B-8B28DEC56580}.Ad-Hoc|x86.Build.0 = Release|x86
		{5B0BA075-E90F-44F2-B62B-8B28DEC56580}.Ad-Hoc|x86.Deploy.0 = Release|x86
		{5B0BA075-E90F-44F2-B62B-8B28DEC56580}.AppStore|Any CPU.ActiveCfg = Release|Any CPU
		{5B0BA075-E90F-44F2-B62B-8B28DEC56580}.AppStore|Any CPU.Build.0 = Release|Any CPU
		{5B0BA075-E90F-44F2-B62B-8B28DEC56580}.AppStore|Any CPU.Deploy.0 = Release|Any CPU
		{5B0BA075-E90F-44F2-B62B-8B28DEC56580}.AppStore|ARM.ActiveCfg = Release|ARM
		{5B0BA075-E90F-44F2-B62B-8B28DEC56580}.AppStore|ARM.Build.0 = Release|ARM
		{5B0BA075-E90F-44F2-B62B-8B28DEC56580}.AppStore|ARM.Deploy.0 = Release|ARM
		{5B0BA075-E90F-44F2-B62B-8B28DEC56580}.AppStore|iPhone.ActiveCfg = Release|Any CPU
		{5B0BA075-E90F-44F2-B62B-8B28DEC56580}.AppStore|iPhone.Build.0 = Release|Any CPU
		{5B0BA075-E90F-44F2-B62B-8B28DEC56580}.AppStore|iPhone.Deploy.0 = Release|Any CPU
		{5B0BA075-E90F-44F2-B62B-8B28DEC56580}.AppStore|iPhoneSimulator.ActiveCfg = Release|Any CPU
		{5B0BA075-E90F-44F2-B62B-8B28DEC56580}.AppStore|iPhoneSimulator.Build.0 = Release|Any CPU
		{5B0BA075-E90F-44F2-B62B-8B28DEC56580}.AppStore|iPhoneSimulator.Deploy.0 = Release|Any CPU
		{5B0BA075-E90F-44F2-B62B-8B28DEC56580}.AppStore|x64.ActiveCfg = Release|Any CPU
		{5B0BA075-E90F-44F2-B62B-8B28DEC56580}.AppStore|x64.Build.0 = Release|Any CPU
		{5B0BA075-E90F-44F2-B62B-8B28DEC56580}.AppStore|x64.Deploy.0 = Release|Any CPU
		{5B0BA075-E90F-44F2-B62B-8B28DEC56580}.AppStore|x86.ActiveCfg = Release|x86
		{5B0BA075-E90F-44F2-B62B-8B28DEC56580}.AppStore|x86.Build.0 = Release|x86
		{5B0BA075-E90F-44F2-B62B-8B28DEC56580}.AppStore|x86.Deploy.0 = Release|x86
		{5B0BA075-E90F-44F2-B62B-8B28DEC56580}.Debug|Any CPU.ActiveCfg = Debug|Any CPU
		{5B0BA075-E90F-44F2-B62B-8B28DEC56580}.Debug|Any CPU.Build.0 = Debug|Any CPU
		{5B0BA075-E90F-44F2-B62B-8B28DEC56580}.Debug|Any CPU.Deploy.0 = Debug|Any CPU
		{5B0BA075-E90F-44F2-B62B-8B28DEC56580}.Debug|ARM.ActiveCfg = Debug|ARM
		{5B0BA075-E90F-44F2-B62B-8B28DEC56580}.Debug|ARM.Build.0 = Debug|ARM
		{5B0BA075-E90F-44F2-B62B-8B28DEC56580}.Debug|ARM.Deploy.0 = Debug|ARM
		{5B0BA075-E90F-44F2-B62B-8B28DEC56580}.Debug|iPhone.ActiveCfg = Debug|Any CPU
		{5B0BA075-E90F-44F2-B62B-8B28DEC56580}.Debug|iPhone.Build.0 = Debug|Any CPU
		{5B0BA075-E90F-44F2-B62B-8B28DEC56580}.Debug|iPhone.Deploy.0 = Debug|Any CPU
		{5B0BA075-E90F-44F2-B62B-8B28DEC56580}.Debug|iPhoneSimulator.ActiveCfg = Debug|Any CPU
		{5B0BA075-E90F-44F2-B62B-8B28DEC56580}.Debug|iPhoneSimulator.Build.0 = Debug|Any CPU
		{5B0BA075-E90F-44F2-B62B-8B28DEC56580}.Debug|iPhoneSimulator.Deploy.0 = Debug|Any CPU
		{5B0BA075-E90F-44F2-B62B-8B28DEC56580}.Debug|x64.ActiveCfg = Debug|Any CPU
		{5B0BA075-E90F-44F2-B62B-8B28DEC56580}.Debug|x64.Build.0 = Debug|Any CPU
		{5B0BA075-E90F-44F2-B62B-8B28DEC56580}.Debug|x64.Deploy.0 = Debug|Any CPU
		{5B0BA075-E90F-44F2-B62B-8B28DEC56580}.Debug|x86.ActiveCfg = Debug|x86
		{5B0BA075-E90F-44F2-B62B-8B28DEC56580}.Debug|x86.Build.0 = Debug|x86
		{5B0BA075-E90F-44F2-B62B-8B28DEC56580}.Debug|x86.Deploy.0 = Debug|x86
		{5B0BA075-E90F-44F2-B62B-8B28DEC56580}.Release|Any CPU.ActiveCfg = Release|Any CPU
		{5B0BA075-E90F-44F2-B62B-8B28DEC56580}.Release|Any CPU.Build.0 = Release|Any CPU
		{5B0BA075-E90F-44F2-B62B-8B28DEC56580}.Release|Any CPU.Deploy.0 = Release|Any CPU
		{5B0BA075-E90F-44F2-B62B-8B28DEC56580}.Release|ARM.ActiveCfg = Release|ARM
		{5B0BA075-E90F-44F2-B62B-8B28DEC56580}.Release|ARM.Build.0 = Release|ARM
		{5B0BA075-E90F-44F2-B62B-8B28DEC56580}.Release|ARM.Deploy.0 = Release|ARM
		{5B0BA075-E90F-44F2-B62B-8B28DEC56580}.Release|iPhone.ActiveCfg = Release|Any CPU
		{5B0BA075-E90F-44F2-B62B-8B28DEC56580}.Release|iPhone.Build.0 = Release|Any CPU
		{5B0BA075-E90F-44F2-B62B-8B28DEC56580}.Release|iPhone.Deploy.0 = Release|Any CPU
		{5B0BA075-E90F-44F2-B62B-8B28DEC56580}.Release|iPhoneSimulator.ActiveCfg = Release|Any CPU
		{5B0BA075-E90F-44F2-B62B-8B28DEC56580}.Release|iPhoneSimulator.Build.0 = Release|Any CPU
		{5B0BA075-E90F-44F2-B62B-8B28DEC56580}.Release|iPhoneSimulator.Deploy.0 = Release|Any CPU
		{5B0BA075-E90F-44F2-B62B-8B28DEC56580}.Release|x64.ActiveCfg = Release|Any CPU
		{5B0BA075-E90F-44F2-B62B-8B28DEC56580}.Release|x64.Build.0 = Release|Any CPU
		{5B0BA075-E90F-44F2-B62B-8B28DEC56580}.Release|x64.Deploy.0 = Release|Any CPU
		{5B0BA075-E90F-44F2-B62B-8B28DEC56580}.Release|x86.ActiveCfg = Release|x86
		{5B0BA075-E90F-44F2-B62B-8B28DEC56580}.Release|x86.Build.0 = Release|x86
		{5B0BA075-E90F-44F2-B62B-8B28DEC56580}.Release|x86.Deploy.0 = Release|x86
		{46E1E5D9-432E-42E4-A65C-4BF4DF2EB219}.Ad-Hoc|Any CPU.ActiveCfg = Release|Any CPU
		{46E1E5D9-432E-42E4-A65C-4BF4DF2EB219}.Ad-Hoc|Any CPU.Build.0 = Release|Any CPU
		{46E1E5D9-432E-42E4-A65C-4BF4DF2EB219}.Ad-Hoc|Any CPU.Deploy.0 = Release|Any CPU
		{46E1E5D9-432E-42E4-A65C-4BF4DF2EB219}.Ad-Hoc|ARM.ActiveCfg = Release|ARM
		{46E1E5D9-432E-42E4-A65C-4BF4DF2EB219}.Ad-Hoc|ARM.Build.0 = Release|ARM
		{46E1E5D9-432E-42E4-A65C-4BF4DF2EB219}.Ad-Hoc|ARM.Deploy.0 = Release|ARM
		{46E1E5D9-432E-42E4-A65C-4BF4DF2EB219}.Ad-Hoc|iPhone.ActiveCfg = Release|Any CPU
		{46E1E5D9-432E-42E4-A65C-4BF4DF2EB219}.Ad-Hoc|iPhone.Build.0 = Release|Any CPU
		{46E1E5D9-432E-42E4-A65C-4BF4DF2EB219}.Ad-Hoc|iPhone.Deploy.0 = Release|Any CPU
		{46E1E5D9-432E-42E4-A65C-4BF4DF2EB219}.Ad-Hoc|iPhoneSimulator.ActiveCfg = Release|Any CPU
		{46E1E5D9-432E-42E4-A65C-4BF4DF2EB219}.Ad-Hoc|iPhoneSimulator.Build.0 = Release|Any CPU
		{46E1E5D9-432E-42E4-A65C-4BF4DF2EB219}.Ad-Hoc|iPhoneSimulator.Deploy.0 = Release|Any CPU
		{46E1E5D9-432E-42E4-A65C-4BF4DF2EB219}.Ad-Hoc|x64.ActiveCfg = Release|x64
		{46E1E5D9-432E-42E4-A65C-4BF4DF2EB219}.Ad-Hoc|x64.Build.0 = Release|x64
		{46E1E5D9-432E-42E4-A65C-4BF4DF2EB219}.Ad-Hoc|x64.Deploy.0 = Release|x64
		{46E1E5D9-432E-42E4-A65C-4BF4DF2EB219}.Ad-Hoc|x86.ActiveCfg = Release|x86
		{46E1E5D9-432E-42E4-A65C-4BF4DF2EB219}.Ad-Hoc|x86.Build.0 = Release|x86
		{46E1E5D9-432E-42E4-A65C-4BF4DF2EB219}.Ad-Hoc|x86.Deploy.0 = Release|x86
		{46E1E5D9-432E-42E4-A65C-4BF4DF2EB219}.AppStore|Any CPU.ActiveCfg = Release|Any CPU
		{46E1E5D9-432E-42E4-A65C-4BF4DF2EB219}.AppStore|Any CPU.Build.0 = Release|Any CPU
		{46E1E5D9-432E-42E4-A65C-4BF4DF2EB219}.AppStore|Any CPU.Deploy.0 = Release|Any CPU
		{46E1E5D9-432E-42E4-A65C-4BF4DF2EB219}.AppStore|ARM.ActiveCfg = Release|ARM
		{46E1E5D9-432E-42E4-A65C-4BF4DF2EB219}.AppStore|ARM.Build.0 = Release|ARM
		{46E1E5D9-432E-42E4-A65C-4BF4DF2EB219}.AppStore|ARM.Deploy.0 = Release|ARM
		{46E1E5D9-432E-42E4-A65C-4BF4DF2EB219}.AppStore|iPhone.ActiveCfg = Release|Any CPU
		{46E1E5D9-432E-42E4-A65C-4BF4DF2EB219}.AppStore|iPhone.Build.0 = Release|Any CPU
		{46E1E5D9-432E-42E4-A65C-4BF4DF2EB219}.AppStore|iPhone.Deploy.0 = Release|Any CPU
		{46E1E5D9-432E-42E4-A65C-4BF4DF2EB219}.AppStore|iPhoneSimulator.ActiveCfg = Release|Any CPU
		{46E1E5D9-432E-42E4-A65C-4BF4DF2EB219}.AppStore|iPhoneSimulator.Build.0 = Release|Any CPU
		{46E1E5D9-432E-42E4-A65C-4BF4DF2EB219}.AppStore|iPhoneSimulator.Deploy.0 = Release|Any CPU
		{46E1E5D9-432E-42E4-A65C-4BF4DF2EB219}.AppStore|x64.ActiveCfg = Release|x64
		{46E1E5D9-432E-42E4-A65C-4BF4DF2EB219}.AppStore|x64.Build.0 = Release|x64
		{46E1E5D9-432E-42E4-A65C-4BF4DF2EB219}.AppStore|x64.Deploy.0 = Release|x64
		{46E1E5D9-432E-42E4-A65C-4BF4DF2EB219}.AppStore|x86.ActiveCfg = Release|x86
		{46E1E5D9-432E-42E4-A65C-4BF4DF2EB219}.AppStore|x86.Build.0 = Release|x86
		{46E1E5D9-432E-42E4-A65C-4BF4DF2EB219}.AppStore|x86.Deploy.0 = Release|x86
		{46E1E5D9-432E-42E4-A65C-4BF4DF2EB219}.Debug|Any CPU.ActiveCfg = Debug|Any CPU
		{46E1E5D9-432E-42E4-A65C-4BF4DF2EB219}.Debug|Any CPU.Build.0 = Debug|Any CPU
		{46E1E5D9-432E-42E4-A65C-4BF4DF2EB219}.Debug|Any CPU.Deploy.0 = Debug|Any CPU
		{46E1E5D9-432E-42E4-A65C-4BF4DF2EB219}.Debug|ARM.ActiveCfg = Debug|ARM
		{46E1E5D9-432E-42E4-A65C-4BF4DF2EB219}.Debug|ARM.Build.0 = Debug|ARM
		{46E1E5D9-432E-42E4-A65C-4BF4DF2EB219}.Debug|ARM.Deploy.0 = Debug|ARM
		{46E1E5D9-432E-42E4-A65C-4BF4DF2EB219}.Debug|iPhone.ActiveCfg = Debug|Any CPU
		{46E1E5D9-432E-42E4-A65C-4BF4DF2EB219}.Debug|iPhone.Build.0 = Debug|Any CPU
		{46E1E5D9-432E-42E4-A65C-4BF4DF2EB219}.Debug|iPhone.Deploy.0 = Debug|Any CPU
		{46E1E5D9-432E-42E4-A65C-4BF4DF2EB219}.Debug|iPhoneSimulator.ActiveCfg = Debug|Any CPU
		{46E1E5D9-432E-42E4-A65C-4BF4DF2EB219}.Debug|iPhoneSimulator.Build.0 = Debug|Any CPU
		{46E1E5D9-432E-42E4-A65C-4BF4DF2EB219}.Debug|iPhoneSimulator.Deploy.0 = Debug|Any CPU
		{46E1E5D9-432E-42E4-A65C-4BF4DF2EB219}.Debug|x64.ActiveCfg = Debug|x64
		{46E1E5D9-432E-42E4-A65C-4BF4DF2EB219}.Debug|x64.Build.0 = Debug|x64
		{46E1E5D9-432E-42E4-A65C-4BF4DF2EB219}.Debug|x64.Deploy.0 = Debug|x64
		{46E1E5D9-432E-42E4-A65C-4BF4DF2EB219}.Debug|x86.ActiveCfg = Debug|x86
		{46E1E5D9-432E-42E4-A65C-4BF4DF2EB219}.Debug|x86.Build.0 = Debug|x86
		{46E1E5D9-432E-42E4-A65C-4BF4DF2EB219}.Debug|x86.Deploy.0 = Debug|x86
		{46E1E5D9-432E-42E4-A65C-4BF4DF2EB219}.Release|Any CPU.ActiveCfg = Release|Any CPU
		{46E1E5D9-432E-42E4-A65C-4BF4DF2EB219}.Release|Any CPU.Build.0 = Release|Any CPU
		{46E1E5D9-432E-42E4-A65C-4BF4DF2EB219}.Release|Any CPU.Deploy.0 = Release|Any CPU
		{46E1E5D9-432E-42E4-A65C-4BF4DF2EB219}.Release|ARM.ActiveCfg = Release|ARM
		{46E1E5D9-432E-42E4-A65C-4BF4DF2EB219}.Release|ARM.Build.0 = Release|ARM
		{46E1E5D9-432E-42E4-A65C-4BF4DF2EB219}.Release|ARM.Deploy.0 = Release|ARM
		{46E1E5D9-432E-42E4-A65C-4BF4DF2EB219}.Release|iPhone.ActiveCfg = Release|Any CPU
		{46E1E5D9-432E-42E4-A65C-4BF4DF2EB219}.Release|iPhone.Build.0 = Release|Any CPU
		{46E1E5D9-432E-42E4-A65C-4BF4DF2EB219}.Release|iPhone.Deploy.0 = Release|Any CPU
		{46E1E5D9-432E-42E4-A65C-4BF4DF2EB219}.Release|iPhoneSimulator.ActiveCfg = Release|Any CPU
		{46E1E5D9-432E-42E4-A65C-4BF4DF2EB219}.Release|iPhoneSimulator.Build.0 = Release|Any CPU
		{46E1E5D9-432E-42E4-A65C-4BF4DF2EB219}.Release|iPhoneSimulator.Deploy.0 = Release|Any CPU
		{46E1E5D9-432E-42E4-A65C-4BF4DF2EB219}.Release|x64.ActiveCfg = Release|x64
		{46E1E5D9-432E-42E4-A65C-4BF4DF2EB219}.Release|x64.Build.0 = Release|x64
		{46E1E5D9-432E-42E4-A65C-4BF4DF2EB219}.Release|x64.Deploy.0 = Release|x64
		{46E1E5D9-432E-42E4-A65C-4BF4DF2EB219}.Release|x86.ActiveCfg = Release|x86
		{46E1E5D9-432E-42E4-A65C-4BF4DF2EB219}.Release|x86.Build.0 = Release|x86
		{46E1E5D9-432E-42E4-A65C-4BF4DF2EB219}.Release|x86.Deploy.0 = Release|x86
	EndGlobalSection
	GlobalSection(SolutionProperties) = preSolution
		HideSolutionNode = FALSE
	EndGlobalSection
EndGlobal
